{
  "nodes": {
    "crane": {
      "inputs": {
        "nixpkgs": [
          "lanzaboote",
          "nixpkgs"
        ]
      },
      "locked": {
        "lastModified": 1718730147,
        "narHash": "sha256-QmD6B6FYpuoCqu6ZuPJH896ItNquDkn0ulQlOn4ykN8=",
        "owner": "ipetkov",
        "repo": "crane",
        "rev": "32c21c29b034d0a93fdb2379d6fabc40fc3d0e6c",
        "type": "github"
      },
      "original": {
        "owner": "ipetkov",
        "repo": "crane",
        "type": "github"
      }
    },
    "flake-compat": {
      "flake": false,
      "locked": {
        "lastModified": 1696426674,
        "narHash": "sha256-kvjfFW7WAETZlt09AgDn1MrtKzP7t90Vf7vypd3OL1U=",
        "owner": "edolstra",
        "repo": "flake-compat",
        "rev": "0f9255e01c2351cc7d116c072cb317785dd33b33",
        "type": "github"
      },
      "original": {
        "owner": "edolstra",
        "repo": "flake-compat",
        "type": "github"
      }
    },
    "flake-parts": {
      "inputs": {
        "nixpkgs-lib": [
          "nixpkgs"
        ]
      },
      "locked": {
        "lastModified": 1722555600,
        "narHash": "sha256-XOQkdLafnb/p9ij77byFQjDf5m5QYl9b2REiVClC+x4=",
        "owner": "hercules-ci",
        "repo": "flake-parts",
        "rev": "8471fe90ad337a8074e957b69ca4d0089218391d",
        "type": "github"
      },
      "original": {
        "owner": "hercules-ci",
        "repo": "flake-parts",
        "type": "github"
      }
    },
    "flake-parts_2": {
      "inputs": {
        "nixpkgs-lib": [
          "lanzaboote",
          "nixpkgs"
        ]
      },
      "locked": {
        "lastModified": 1717285511,
        "narHash": "sha256-iKzJcpdXih14qYVcZ9QC9XuZYnPc6T8YImb6dX166kw=",
        "owner": "hercules-ci",
        "repo": "flake-parts",
        "rev": "2a55567fcf15b1b1c7ed712a2c6fadaec7412ea8",
        "type": "github"
      },
      "original": {
        "owner": "hercules-ci",
        "repo": "flake-parts",
        "type": "github"
      }
    },
    "flake-utils": {
      "inputs": {
        "systems": "systems"
      },
      "locked": {
        "lastModified": 1681202837,
        "narHash": "sha256-H+Rh19JDwRtpVPAWp64F+rlEtxUWBAQW28eAi3SRSzg=",
        "owner": "numtide",
        "repo": "flake-utils",
        "rev": "cfacdce06f30d2b68473a46042957675eebb3401",
        "type": "github"
      },
      "original": {
        "owner": "numtide",
        "repo": "flake-utils",
        "type": "github"
      }
    },
    "fzf-zsh-completions": {
      "flake": false,
      "locked": {
        "lastModified": 1708541691,
        "narHash": "sha256-jm6Yd6sEJJ1eynpZa2yLzv6d5FGZZm4l6zMZ3DomY7o=",
        "owner": "chitoku-k",
        "repo": "fzf-zsh-completions",
        "rev": "a0593dd3697c4f01918b333f379faf07af7ebc4d",
        "type": "github"
      },
      "original": {
        "owner": "chitoku-k",
        "repo": "fzf-zsh-completions",
        "type": "github"
      }
    },
    "gitignore": {
      "inputs": {
        "nixpkgs": [
          "lanzaboote",
          "pre-commit-hooks-nix",
          "nixpkgs"
        ]
      },
      "locked": {
        "lastModified": 1709087332,
        "narHash": "sha256-HG2cCnktfHsKV0s4XW83gU3F57gaTljL9KNSuG6bnQs=",
        "owner": "hercules-ci",
        "repo": "gitignore.nix",
        "rev": "637db329424fd7e46cf4185293b9cc8c88c95394",
        "type": "github"
      },
      "original": {
        "owner": "hercules-ci",
        "repo": "gitignore.nix",
        "type": "github"
      }
    },
    "home-manager": {
      "inputs": {
        "nixpkgs": [
          "nixpkgs"
        ]
      },
      "locked": {
        "lastModified": 1723399884,
        "narHash": "sha256-97wn0ihhGqfMb8WcUgzzkM/TuAxce2Gd20A8oiruju4=",
        "owner": "nix-community",
        "repo": "home-manager",
        "rev": "086f619dd991a4d355c07837448244029fc2d9ab",
        "type": "github"
      },
      "original": {
        "owner": "nix-community",
        "repo": "home-manager",
        "type": "github"
      }
    },
    "lanzaboote": {
      "inputs": {
        "crane": "crane",
        "flake-compat": "flake-compat",
        "flake-parts": "flake-parts_2",
        "nixpkgs": [
          "nixpkgs"
        ],
        "pre-commit-hooks-nix": "pre-commit-hooks-nix",
        "rust-overlay": "rust-overlay"
      },
      "locked": {
        "lastModified": 1721581642,
        "narHash": "sha256-Bd9ujkwkxwAYCnYKEKeY1fjsvD4vyiFjFS20Lxr/FD4=",
        "owner": "nix-community",
        "repo": "lanzaboote",
        "rev": "f3b4ade14392861388265e949b7007a8b62e21dc",
        "type": "github"
      },
      "original": {
        "owner": "nix-community",
        "repo": "lanzaboote",
        "type": "github"
      }
    },
    "nix-flatpak": {
      "locked": {
        "lastModified": 1721549352,
        "narHash": "sha256-nlXJa8RSOX0kykrIYW33ukoHYq+FOSNztHLLgqKwOp8=",
        "owner": "gmodena",
        "repo": "nix-flatpak",
        "rev": "dbce39ea8664820ba9037caaf1e2fad365ed6b4b",
        "type": "github"
      },
      "original": {
        "owner": "gmodena",
        "repo": "nix-flatpak",
        "type": "github"
      }
    },
    "nixos-hardware": {
      "locked": {
        "lastModified": 1723310128,
        "narHash": "sha256-IiH8jG6PpR4h9TxSGMYh+2/gQiJW9MwehFvheSb5rPc=",
        "ref": "refs/heads/master",
        "rev": "c54cf53e022b0b3c1d3b8207aa0f9b194c24f0cf",
        "revCount": 1830,
        "type": "git",
        "url": "https://github.com/NixOS/nixos-hardware"
      },
      "original": {
        "type": "git",
        "url": "https://github.com/NixOS/nixos-hardware"
      }
    },
    "nixpkgs": {
      "locked": {
        "lastModified": 1723637854,
        "narHash": "sha256-med8+5DSWa2UnOqtdICndjDAEjxr5D7zaIiK4pn0Q7c=",
        "owner": "nixos",
        "repo": "nixpkgs",
        "rev": "c3aa7b8938b17aebd2deecf7be0636000d62a2b9",
        "type": "github"
      },
      "original": {
        "owner": "nixos",
        "ref": "nixos-unstable",
        "repo": "nixpkgs",
        "type": "github"
      }
    },
    "nixpkgs-stable": {
      "locked": {
        "lastModified": 1718447546,
        "narHash": "sha256-JHuXsrC9pr4kA4n7LuuPfWFJUVlDBVJ1TXDVpHEuUgM=",
        "owner": "NixOS",
        "repo": "nixpkgs",
        "rev": "842253bf992c3a7157b67600c2857193f126563a",
        "type": "github"
      },
      "original": {
        "owner": "NixOS",
        "ref": "nixos-23.11",
        "repo": "nixpkgs",
        "type": "github"
      }
    },
    "nixpkgs_2": {
      "locked": {
        "lastModified": 1682134069,
        "narHash": "sha256-TnI/ZXSmRxQDt2sjRYK/8j8iha4B4zP2cnQCZZ3vp7k=",
        "owner": "NixOS",
        "repo": "nixpkgs",
        "rev": "fd901ef4bf93499374c5af385b2943f5801c0833",
        "type": "github"
      },
      "original": {
        "id": "nixpkgs",
        "type": "indirect"
      }
    },
    "plasma-manager": {
      "inputs": {
        "home-manager": [
          "home-manager"
        ],
        "nixpkgs": [
          "nixpkgs"
        ]
      },
      "locked": {
        "lastModified": 1723712959,
        "narHash": "sha256-+QFsotDeSKF9L1NvqVMp0V/Sk4C+aPQ1HGMMmLUXSPY=",
        "owner": "nix-community",
        "repo": "plasma-manager",
        "rev": "39f77980d14e007990fb30b7ab859057c307e05c",
        "type": "github"
      },
      "original": {
        "owner": "nix-community",
        "repo": "plasma-manager",
        "type": "github"
      }
    },
    "powerlevel10k": {
      "flake": false,
      "locked": {
        "lastModified": 1719815653,
        "narHash": "sha256-jzLWxLLBB1MZZKJgt5R4oueuQIiqCDKRp+W+PXALHRs=",
        "owner": "romkatv",
        "repo": "powerlevel10k",
        "rev": "2b7da93df04acd04d84f5de827e5b14077839a4b",
        "type": "github"
      },
      "original": {
        "owner": "romkatv",
        "repo": "powerlevel10k",
        "type": "github"
      }
    },
    "pre-commit-hooks-nix": {
      "inputs": {
        "flake-compat": [
          "lanzaboote",
          "flake-compat"
        ],
        "gitignore": "gitignore",
        "nixpkgs": [
          "lanzaboote",
          "nixpkgs"
        ],
        "nixpkgs-stable": "nixpkgs-stable"
      },
      "locked": {
        "lastModified": 1718879355,
        "narHash": "sha256-RTyqP4fBX2MdhNuMP+fnR3lIwbdtXhyj7w7fwtvgspc=",
        "owner": "cachix",
        "repo": "pre-commit-hooks.nix",
        "rev": "8cd35b9496d21a6c55164d8547d9d5280162b07a",
        "type": "github"
      },
      "original": {
        "owner": "cachix",
        "repo": "pre-commit-hooks.nix",
        "type": "github"
      }
    },
    "root": {
      "inputs": {
        "flake-parts": "flake-parts",
        "fzf-zsh-completions": "fzf-zsh-completions",
        "home-manager": "home-manager",
        "lanzaboote": "lanzaboote",
        "nix-flatpak": "nix-flatpak",
        "nixos-hardware": "nixos-hardware",
        "nixpkgs": "nixpkgs",
        "plasma-manager": "plasma-manager",
        "powerlevel10k": "powerlevel10k",
        "vscode-server": "vscode-server",
        "zsh-autosuggestions": "zsh-autosuggestions",
        "zsh-syntax-highlighting": "zsh-syntax-highlighting"
      }
    },
    "rust-overlay": {
      "inputs": {
        "nixpkgs": [
          "lanzaboote",
          "nixpkgs"
        ]
      },
      "locked": {
        "lastModified": 1719109180,
        "narHash": "sha256-96dwGCV2yQxDozDATqbsM3YU0ft3Isw3cwVDO/eNCv8=",
        "owner": "oxalica",
        "repo": "rust-overlay",
        "rev": "5fc5f3a0d7eabf7db86851e6423f9d7fbceaf89d",
        "type": "github"
      },
      "original": {
        "owner": "oxalica",
        "repo": "rust-overlay",
        "type": "github"
      }
    },
    "systems": {
      "locked": {
        "lastModified": 1681028828,
        "narHash": "sha256-Vy1rq5AaRuLzOxct8nz4T6wlgyUR7zLU309k9mBC768=",
        "owner": "nix-systems",
        "repo": "default",
        "rev": "da67096a3b9bf56a91d16901293e51ba5b49a27e",
        "type": "github"
      },
      "original": {
        "owner": "nix-systems",
        "repo": "default",
        "type": "github"
      }
    },
    "vscode-server": {
      "inputs": {
        "flake-utils": "flake-utils",
        "nixpkgs": "nixpkgs_2"
      },
      "locked": {
        "lastModified": 1713958148,
        "narHash": "sha256-8PDNi/dgoI2kyM7uSiU4eoLBqUKoA+3TXuz+VWmuCOc=",
        "owner": "nix-community",
        "repo": "nixos-vscode-server",
        "rev": "fc900c16efc6a5ed972fb6be87df018bcf3035bc",
        "type": "github"
      },
      "original": {
        "owner": "nix-community",
        "repo": "nixos-vscode-server",
        "type": "github"
      }
    },
    "zsh-autosuggestions": {
      "flake": false,
      "locked": {
        "lastModified": 1694098728,
        "narHash": "sha256-B+Kz3B7d97CM/3ztpQyVkE6EfMipVF8Y4HJNfSRXHtU=",
        "owner": "zsh-users",
        "repo": "zsh-autosuggestions",
        "rev": "c3d4e576c9c86eac62884bd47c01f6faed043fc5",
        "type": "github"
      },
      "original": {
        "owner": "zsh-users",
        "repo": "zsh-autosuggestions",
        "type": "github"
      }
    },
    "zsh-syntax-highlighting": {
      "flake": false,
      "locked": {
        "lastModified": 1704566212,
        "narHash": "sha256-4rW2N+ankAH4sA6Sa5mr9IKsdAg7WTgrmyqJ2V1vygQ=",
        "owner": "zsh-users",
        "repo": "zsh-syntax-highlighting",
        "rev": "e0165eaa730dd0fa321a6a6de74f092fe87630b0",
        "type": "github"
      },
      "original": {
        "owner": "zsh-users",
        "repo": "zsh-syntax-highlighting",
        "type": "github"
      }
    }
  },
  "root": "root",
  "version": 7
}
